
Microsoft Visual Studio Solution File, Format Version 12.00
# Visual Studio Version 16
VisualStudioVersion = 16.0.30011.22
MinimumVisualStudioVersion = 10.0.40219.1
Project("{FAE04EC0-301F-11D3-BF4B-00C04F79EFBC}") = "InClass_GameTree", "InClass_GameTree\InClass_GameTree.csproj", "{6329301C-EF58-4D80-BA87-793F6EE22F89}"
EndProject
Global
	GlobalSection(SolutionConfigurationPlatforms) = preSolution
		Debug|Any CPU = Debug|Any CPU
		Release|Any CPU = Release|Any CPU
	EndGlobalSection
	GlobalSection(ProjectConfigurationPlatforms) = postSolution
		{6329301C-EF58-4D80-BA87-793F6EE22F89}.Debug|Any CPU.ActiveCfg = Debug|Any CPU
		{6329301C-EF58-4D80-BA87-793F6EE22F89}.Debug|Any CPU.Build.0 = Debug|Any CPU
		{6329301C-EF58-4D80-BA87-793F6EE22F89}.Release|Any CPU.ActiveCfg = Release|Any CPU
		{6329301C-EF58-4D80-BA87-793F6EE22F89}.Release|Any CPU.Build.0 = Release|Any CPU
	EndGlobalSection
	GlobalSection(SolutionProperties) = preSolution
		HideSolutionNode = FALSE
	EndGlobalSection
	GlobalSection(ExtensibilityGlobals) = postSolution
		SolutionGuid = {8847B04D-B496-4244-BA17-6F2AA48B4043}
	EndGlobalSection
EndGlobal
