
Microsoft Visual Studio Solution File, Format Version 12.00
# Visual Studio Version 16
VisualStudioVersion = 16.0.30011.22
MinimumVisualStudioVersion = 10.0.40219.1
Project("{FAE04EC0-301F-11D3-BF4B-00C04F79EFBC}") = "swapfunction", "swapfunction\swapfunction.csproj", "{3DBC82DE-0701-40FA-8870-1B3A98C3C4E5}"
EndProject
Global
	GlobalSection(SolutionConfigurationPlatforms) = preSolution
		Debug|Any CPU = Debug|Any CPU
		Release|Any CPU = Release|Any CPU
	EndGlobalSection
	GlobalSection(ProjectConfigurationPlatforms) = postSolution
		{3DBC82DE-0701-40FA-8870-1B3A98C3C4E5}.Debug|Any CPU.ActiveCfg = Debug|Any CPU
		{3DBC82DE-0701-40FA-8870-1B3A98C3C4E5}.Debug|Any CPU.Build.0 = Debug|Any CPU
		{3DBC82DE-0701-40FA-8870-1B3A98C3C4E5}.Release|Any CPU.ActiveCfg = Release|Any CPU
		{3DBC82DE-0701-40FA-8870-1B3A98C3C4E5}.Release|Any CPU.Build.0 = Release|Any CPU
	EndGlobalSection
	GlobalSection(SolutionProperties) = preSolution
		HideSolutionNode = FALSE
	EndGlobalSection
	GlobalSection(ExtensibilityGlobals) = postSolution
		SolutionGuid = {00F1CC60-3F0F-4395-8019-F615E515605B}
	EndGlobalSection
EndGlobal
