
Microsoft Visual Studio Solution File, Format Version 12.00
# Visual Studio Version 16
VisualStudioVersion = 16.0.30011.22
MinimumVisualStudioVersion = 10.0.40219.1
Project("{FAE04EC0-301F-11D3-BF4B-00C04F79EFBC}") = "SquareRootGenerator", "SquareRootGenerator\SquareRootGenerator.csproj", "{519C8DB6-B2F5-48EE-BFF8-0F8D01EBE28E}"
EndProject
Global
	GlobalSection(SolutionConfigurationPlatforms) = preSolution
		Debug|Any CPU = Debug|Any CPU
		Release|Any CPU = Release|Any CPU
	EndGlobalSection
	GlobalSection(ProjectConfigurationPlatforms) = postSolution
		{519C8DB6-B2F5-48EE-BFF8-0F8D01EBE28E}.Debug|Any CPU.ActiveCfg = Debug|Any CPU
		{519C8DB6-B2F5-48EE-BFF8-0F8D01EBE28E}.Debug|Any CPU.Build.0 = Debug|Any CPU
		{519C8DB6-B2F5-48EE-BFF8-0F8D01EBE28E}.Release|Any CPU.ActiveCfg = Release|Any CPU
		{519C8DB6-B2F5-48EE-BFF8-0F8D01EBE28E}.Release|Any CPU.Build.0 = Release|Any CPU
	EndGlobalSection
	GlobalSection(SolutionProperties) = preSolution
		HideSolutionNode = FALSE
	EndGlobalSection
	GlobalSection(ExtensibilityGlobals) = postSolution
		SolutionGuid = {30A2F9EA-BF19-4974-82F3-0010DC98107D}
	EndGlobalSection
EndGlobal
