
Microsoft Visual Studio Solution File, Format Version 12.00
# Visual Studio 15
Project("{FAE04EC0-301F-11D3-BF4B-00C04F79EFBC}") = "database", "database\database.csproj", "{48C85E38-ECA0-43E1-B61D-279EF9DE6870}"
EndProject
Global
	GlobalSection(SolutionConfigurationPlatforms) = preSolution
		Debug|anycpu = Debug|anycpu
		Release|anycpu = Release|anycpu
	EndGlobalSection
	GlobalSection(ProjectConfigurationPlatforms) = postSolution
		{48C85E38-ECA0-43E1-B61D-279EF9DE6870}.Debug|anycpu.ActiveCfg = Debug|anycpu
		{48C85E38-ECA0-43E1-B61D-279EF9DE6870}.Debug|anycpu.Build.0 = Debug|anycpu
		{48C85E38-ECA0-43E1-B61D-279EF9DE6870}.Release|anycpu.ActiveCfg = Release|anycpu
		{48C85E38-ECA0-43E1-B61D-279EF9DE6870}.Release|anycpu.Build.0 = Release|anycpu
	EndGlobalSection
EndGlobal
