
Microsoft Visual Studio Solution File, Format Version 12.00
# Visual Studio Version 16
VisualStudioVersion = 16.0.30011.22
MinimumVisualStudioVersion = 10.0.40219.1
Project("{FAE04EC0-301F-11D3-BF4B-00C04F79EFBC}") = "InClassLesson16_MoreObjects", "InClassLesson16_MoreObjects\InClassLesson16_MoreObjects.csproj", "{0FAB90F7-C75C-43B5-B9AF-23A7819E7072}"
EndProject
Global
	GlobalSection(SolutionConfigurationPlatforms) = preSolution
		Debug|Any CPU = Debug|Any CPU
		Release|Any CPU = Release|Any CPU
	EndGlobalSection
	GlobalSection(ProjectConfigurationPlatforms) = postSolution
		{0FAB90F7-C75C-43B5-B9AF-23A7819E7072}.Debug|Any CPU.ActiveCfg = Debug|Any CPU
		{0FAB90F7-C75C-43B5-B9AF-23A7819E7072}.Debug|Any CPU.Build.0 = Debug|Any CPU
		{0FAB90F7-C75C-43B5-B9AF-23A7819E7072}.Release|Any CPU.ActiveCfg = Release|Any CPU
		{0FAB90F7-C75C-43B5-B9AF-23A7819E7072}.Release|Any CPU.Build.0 = Release|Any CPU
	EndGlobalSection
	GlobalSection(SolutionProperties) = preSolution
		HideSolutionNode = FALSE
	EndGlobalSection
	GlobalSection(ExtensibilityGlobals) = postSolution
		SolutionGuid = {BAA3BFC5-187D-46A6-AAF0-7D89F57665F1}
	EndGlobalSection
EndGlobal
