
Microsoft Visual Studio Solution File, Format Version 12.00
# Visual Studio Version 16
VisualStudioVersion = 16.0.30011.22
MinimumVisualStudioVersion = 10.0.40219.1
Project("{FAE04EC0-301F-11D3-BF4B-00C04F79EFBC}") = "PrimeNumUncle", "PrimeNumUncle\PrimeNumUncle.csproj", "{5928C916-AFBF-4FDA-A2C9-5328BA94760C}"
EndProject
Global
	GlobalSection(SolutionConfigurationPlatforms) = preSolution
		Debug|Any CPU = Debug|Any CPU
		Release|Any CPU = Release|Any CPU
	EndGlobalSection
	GlobalSection(ProjectConfigurationPlatforms) = postSolution
		{5928C916-AFBF-4FDA-A2C9-5328BA94760C}.Debug|Any CPU.ActiveCfg = Debug|Any CPU
		{5928C916-AFBF-4FDA-A2C9-5328BA94760C}.Debug|Any CPU.Build.0 = Debug|Any CPU
		{5928C916-AFBF-4FDA-A2C9-5328BA94760C}.Release|Any CPU.ActiveCfg = Release|Any CPU
		{5928C916-AFBF-4FDA-A2C9-5328BA94760C}.Release|Any CPU.Build.0 = Release|Any CPU
	EndGlobalSection
	GlobalSection(SolutionProperties) = preSolution
		HideSolutionNode = FALSE
	EndGlobalSection
	GlobalSection(ExtensibilityGlobals) = postSolution
		SolutionGuid = {D0E2C597-AB5A-49AF-B682-EB4D99F1F11A}
	EndGlobalSection
EndGlobal
