Microsoft Visual Studio Solution File, Format Version 12.00
# Visual Studio Version 16
VisualStudioVersion = 16.0.30011.22
MinimumVisualStudioVersion = 10.0.40219.1
Project("{FAE04EC0-301F-11D3-BF4B-00C04F79EFBC}") = "MadLib", "MadLib\MadLib.csproj", "{2FBCDB20-4052-47C2-BE71-353CE36D6F62}"
EndProject
Global
	GlobalSection(SolutionConfigurationPlatforms) = preSolution
		Debug|anycpu = Debug|anycpu
		Release|anycpu = Release|anycpu
	EndGlobalSection
	GlobalSection(ProjectConfigurationPlatforms) = postSolution
		{2FBCDB20-4052-47C2-BE71-353CE36D6F62}.Debug|anycpu.ActiveCfg = Debug|Any CPU
		{2FBCDB20-4052-47C2-BE71-353CE36D6F62}.Debug|anycpu.Build.0 = Debug|Any CPU
		{2FBCDB20-4052-47C2-BE71-353CE36D6F62}.Release|anycpu.ActiveCfg = Release|Any CPU
		{2FBCDB20-4052-47C2-BE71-353CE36D6F62}.Release|anycpu.Build.0 = Release|Any CPU
	EndGlobalSection
	GlobalSection(SolutionProperties) = preSolution
		HideSolutionNode = FALSE
	EndGlobalSection
	GlobalSection(ExtensibilityGlobals) = postSolution
		SolutionGuid = {C7B28B3C-9654-45BC-A7DF-4DD029E10209}
	EndGlobalSection
EndGlobal
