
Microsoft Visual Studio Solution File, Format Version 12.00
# Visual Studio 15
Project("{FAE04EC0-301F-11D3-BF4B-00C04F79EFBC}") = "PrimeNumberGenerator", "PrimeNumberGenerator\PrimeNumberGenerator.csproj", "{D143EE1E-C812-4F57-99FF-BC4CC910ABAA}"
EndProject
Global
	GlobalSection(SolutionConfigurationPlatforms) = preSolution
		Debug|anycpu = Debug|anycpu
		Release|anycpu = Release|anycpu
	EndGlobalSection
	GlobalSection(ProjectConfigurationPlatforms) = postSolution
		{D143EE1E-C812-4F57-99FF-BC4CC910ABAA}.Debug|anycpu.ActiveCfg = Debug|anycpu
		{D143EE1E-C812-4F57-99FF-BC4CC910ABAA}.Debug|anycpu.Build.0 = Debug|anycpu
		{D143EE1E-C812-4F57-99FF-BC4CC910ABAA}.Release|anycpu.ActiveCfg = Release|anycpu
		{D143EE1E-C812-4F57-99FF-BC4CC910ABAA}.Release|anycpu.Build.0 = Release|anycpu
	EndGlobalSection
EndGlobal
