
Microsoft Visual Studio Solution File, Format Version 12.00
# Visual Studio Version 16
VisualStudioVersion = 16.0.30011.22
MinimumVisualStudioVersion = 10.0.40219.1
Project("{FAE04EC0-301F-11D3-BF4B-00C04F79EFBC}") = "MazeGame", "MazeGame\MazeGame.csproj", "{04C10876-1CCF-46A3-B7A3-C1F888A58877}"
EndProject
Global
	GlobalSection(SolutionConfigurationPlatforms) = preSolution
		Debug|Any CPU = Debug|Any CPU
		Release|Any CPU = Release|Any CPU
	EndGlobalSection
	GlobalSection(ProjectConfigurationPlatforms) = postSolution
		{04C10876-1CCF-46A3-B7A3-C1F888A58877}.Debug|Any CPU.ActiveCfg = Debug|Any CPU
		{04C10876-1CCF-46A3-B7A3-C1F888A58877}.Debug|Any CPU.Build.0 = Debug|Any CPU
		{04C10876-1CCF-46A3-B7A3-C1F888A58877}.Release|Any CPU.ActiveCfg = Release|Any CPU
		{04C10876-1CCF-46A3-B7A3-C1F888A58877}.Release|Any CPU.Build.0 = Release|Any CPU
	EndGlobalSection
	GlobalSection(SolutionProperties) = preSolution
		HideSolutionNode = FALSE
	EndGlobalSection
	GlobalSection(ExtensibilityGlobals) = postSolution
		SolutionGuid = {90ACE393-4DD3-4249-ADCE-914C12B60765}
	EndGlobalSection
EndGlobal
