
Microsoft Visual Studio Solution File, Format Version 12.00
# Visual Studio 15
Project("{FAE04EC0-301F-11D3-BF4B-00C04F79EFBC}") = "lesson5", "lesson5\lesson5.csproj", "{BF1989BD-AF9E-40E6-81EF-9629D1FE6B3E}"
EndProject
Global
	GlobalSection(SolutionConfigurationPlatforms) = preSolution
		Debug|anycpu = Debug|anycpu
		Release|anycpu = Release|anycpu
	EndGlobalSection
	GlobalSection(ProjectConfigurationPlatforms) = postSolution
		{BF1989BD-AF9E-40E6-81EF-9629D1FE6B3E}.Debug|anycpu.ActiveCfg = Debug|anycpu
		{BF1989BD-AF9E-40E6-81EF-9629D1FE6B3E}.Debug|anycpu.Build.0 = Debug|anycpu
		{BF1989BD-AF9E-40E6-81EF-9629D1FE6B3E}.Release|anycpu.ActiveCfg = Release|anycpu
		{BF1989BD-AF9E-40E6-81EF-9629D1FE6B3E}.Release|anycpu.Build.0 = Release|anycpu
	EndGlobalSection
EndGlobal
