
Microsoft Visual Studio Solution File, Format Version 12.00
# Visual Studio Version 16
VisualStudioVersion = 16.0.30011.22
MinimumVisualStudioVersion = 10.0.40219.1
Project("{FAE04EC0-301F-11D3-BF4B-00C04F79EFBC}") = "InClassLesson15_Objects", "InClassLesson15_Objects\InClassLesson15_Objects.csproj", "{104DD9F8-6F14-4CD9-8742-DE51FA921571}"
EndProject
Global
	GlobalSection(SolutionConfigurationPlatforms) = preSolution
		Debug|Any CPU = Debug|Any CPU
		Release|Any CPU = Release|Any CPU
	EndGlobalSection
	GlobalSection(ProjectConfigurationPlatforms) = postSolution
		{104DD9F8-6F14-4CD9-8742-DE51FA921571}.Debug|Any CPU.ActiveCfg = Debug|Any CPU
		{104DD9F8-6F14-4CD9-8742-DE51FA921571}.Debug|Any CPU.Build.0 = Debug|Any CPU
		{104DD9F8-6F14-4CD9-8742-DE51FA921571}.Release|Any CPU.ActiveCfg = Release|Any CPU
		{104DD9F8-6F14-4CD9-8742-DE51FA921571}.Release|Any CPU.Build.0 = Release|Any CPU
	EndGlobalSection
	GlobalSection(SolutionProperties) = preSolution
		HideSolutionNode = FALSE
	EndGlobalSection
	GlobalSection(ExtensibilityGlobals) = postSolution
		SolutionGuid = {176FD0DE-B985-4B78-A7D8-984E42621C69}
	EndGlobalSection
EndGlobal
