Microsoft Visual Studio Solution File, Format Version 12.00
# Visual Studio Version 16
VisualStudioVersion = 16.0.30011.22
MinimumVisualStudioVersion = 10.0.40219.1
Project("{FAE04EC0-301F-11D3-BF4B-00C04F79EFBC}") = "stringobject", "stringobject\stringobject.csproj", "{C4733CC3-B77F-4F8D-B3A1-D004942EA78A}"
EndProject
Global
	GlobalSection(SolutionConfigurationPlatforms) = preSolution
		Debug|anycpu = Debug|anycpu
		Release|anycpu = Release|anycpu
	EndGlobalSection
	GlobalSection(ProjectConfigurationPlatforms) = postSolution
		{C4733CC3-B77F-4F8D-B3A1-D004942EA78A}.Debug|anycpu.ActiveCfg = Debug|Any CPU
		{C4733CC3-B77F-4F8D-B3A1-D004942EA78A}.Debug|anycpu.Build.0 = Debug|Any CPU
		{C4733CC3-B77F-4F8D-B3A1-D004942EA78A}.Release|anycpu.ActiveCfg = Release|Any CPU
		{C4733CC3-B77F-4F8D-B3A1-D004942EA78A}.Release|anycpu.Build.0 = Release|Any CPU
	EndGlobalSection
	GlobalSection(SolutionProperties) = preSolution
		HideSolutionNode = FALSE
	EndGlobalSection
	GlobalSection(ExtensibilityGlobals) = postSolution
		SolutionGuid = {9C5225B2-3DCB-4AD1-B180-EDB337A6D264}
	EndGlobalSection
EndGlobal
