
Microsoft Visual Studio Solution File, Format Version 12.00
# Visual Studio 15
Project("{FAE04EC0-301F-11D3-BF4B-00C04F79EFBC}") = "SavingPrograms2", "SavingPrograms2\SavingPrograms2.csproj", "{3EA0B3F1-0E95-4F4C-9549-7054C98479D0}"
EndProject
Global
	GlobalSection(SolutionConfigurationPlatforms) = preSolution
		Debug|anycpu = Debug|anycpu
		Release|anycpu = Release|anycpu
	EndGlobalSection
	GlobalSection(ProjectConfigurationPlatforms) = postSolution
		{3EA0B3F1-0E95-4F4C-9549-7054C98479D0}.Debug|anycpu.ActiveCfg = Debug|anycpu
		{3EA0B3F1-0E95-4F4C-9549-7054C98479D0}.Debug|anycpu.Build.0 = Debug|anycpu
		{3EA0B3F1-0E95-4F4C-9549-7054C98479D0}.Release|anycpu.ActiveCfg = Release|anycpu
		{3EA0B3F1-0E95-4F4C-9549-7054C98479D0}.Release|anycpu.Build.0 = Release|anycpu
	EndGlobalSection
EndGlobal
