Microsoft Visual Studio Solution File, Format Version 12.00
# Visual Studio Version 16
VisualStudioVersion = 16.0.30011.22
MinimumVisualStudioVersion = 10.0.40219.1
Project("{FAE04EC0-301F-11D3-BF4B-00C04F79EFBC}") = "FractionGenerator", "FractionGenerator\FractionGenerator.csproj", "{63CA5E4B-DCB8-4DC5-A4D7-C3DAE7996277}"
EndProject
Global
	GlobalSection(SolutionConfigurationPlatforms) = preSolution
		Debug|anycpu = Debug|anycpu
		Release|anycpu = Release|anycpu
	EndGlobalSection
	GlobalSection(ProjectConfigurationPlatforms) = postSolution
		{63CA5E4B-DCB8-4DC5-A4D7-C3DAE7996277}.Debug|anycpu.ActiveCfg = Debug|Any CPU
		{63CA5E4B-DCB8-4DC5-A4D7-C3DAE7996277}.Debug|anycpu.Build.0 = Debug|Any CPU
		{63CA5E4B-DCB8-4DC5-A4D7-C3DAE7996277}.Release|anycpu.ActiveCfg = Release|Any CPU
		{63CA5E4B-DCB8-4DC5-A4D7-C3DAE7996277}.Release|anycpu.Build.0 = Release|Any CPU
	EndGlobalSection
	GlobalSection(SolutionProperties) = preSolution
		HideSolutionNode = FALSE
	EndGlobalSection
	GlobalSection(ExtensibilityGlobals) = postSolution
		SolutionGuid = {F3EF20B5-621E-427F-8894-264171C41C3D}
	EndGlobalSection
EndGlobal
