
Microsoft Visual Studio Solution File, Format Version 12.00
# Visual Studio Version 16
VisualStudioVersion = 16.0.30011.22
MinimumVisualStudioVersion = 10.0.40219.1
Project("{FAE04EC0-301F-11D3-BF4B-00C04F79EFBC}") = "InClass_Lambda", "InClass_Lambda\InClass_Lambda.csproj", "{BEB164F6-B525-4095-87D3-8B85D164961E}"
EndProject
Global
	GlobalSection(SolutionConfigurationPlatforms) = preSolution
		Debug|Any CPU = Debug|Any CPU
		Release|Any CPU = Release|Any CPU
	EndGlobalSection
	GlobalSection(ProjectConfigurationPlatforms) = postSolution
		{BEB164F6-B525-4095-87D3-8B85D164961E}.Debug|Any CPU.ActiveCfg = Debug|Any CPU
		{BEB164F6-B525-4095-87D3-8B85D164961E}.Debug|Any CPU.Build.0 = Debug|Any CPU
		{BEB164F6-B525-4095-87D3-8B85D164961E}.Release|Any CPU.ActiveCfg = Release|Any CPU
		{BEB164F6-B525-4095-87D3-8B85D164961E}.Release|Any CPU.Build.0 = Release|Any CPU
	EndGlobalSection
	GlobalSection(SolutionProperties) = preSolution
		HideSolutionNode = FALSE
	EndGlobalSection
	GlobalSection(ExtensibilityGlobals) = postSolution
		SolutionGuid = {964CDAEE-73B0-490D-ADF0-6561924AA224}
	EndGlobalSection
EndGlobal
