
Microsoft Visual Studio Solution File, Format Version 12.00
# Visual Studio 15
Project("{FAE04EC0-301F-11D3-BF4B-00C04F79EFBC}") = "Mstack", "Mstack\Mstack.csproj", "{63A45CBF-8EBD-46C1-9097-1BE3BEE35656}"
EndProject
Global
	GlobalSection(SolutionConfigurationPlatforms) = preSolution
		Debug|anycpu = Debug|anycpu
		Release|anycpu = Release|anycpu
	EndGlobalSection
	GlobalSection(ProjectConfigurationPlatforms) = postSolution
		{63A45CBF-8EBD-46C1-9097-1BE3BEE35656}.Debug|anycpu.ActiveCfg = Debug|anycpu
		{63A45CBF-8EBD-46C1-9097-1BE3BEE35656}.Debug|anycpu.Build.0 = Debug|anycpu
		{63A45CBF-8EBD-46C1-9097-1BE3BEE35656}.Release|anycpu.ActiveCfg = Release|anycpu
		{63A45CBF-8EBD-46C1-9097-1BE3BEE35656}.Release|anycpu.Build.0 = Release|anycpu
	EndGlobalSection
EndGlobal
